<Solution>
  <Project Path="StudentManagementSystem.API/StudentManagementSystem.API.csproj" />
  <Project Path="StudentManagementSystem.Application/StudentManagementSystem.Application.csproj" />
  <Project Path="StudentManagementSystem.Domain/StudentManagementSystem.Domain.csproj" />
  <Project Path="StudentManagementSystem.Infrastructure/StudentManagementSystem.Infrastructure.csproj" />
</Solution>
